Microsoft Visual Studio Solution File, Format Version 12.00
# Visual Studio Version 17
VisualStudioVersion = 17.5.2.0
MinimumVisualStudioVersion = 10.0.40219.1
Project("{FAE04EC0-301F-11D3-BF4B-00C04F79EFBC}") = "PromgramyC#", "PromgramyC#\PromgramyC#.csproj", "{4F697817-BC23-B0E8-ADE1-2F96D23F9FA1}"
EndProject
Global
	GlobalSection(SolutionConfigurationPlatforms) = preSolution
		Debug|Any CPU = Debug|Any CPU
		Release|Any CPU = Release|Any CPU
	EndGlobalSection
	GlobalSection(ProjectConfigurationPlatforms) = postSolution
		{4F697817-BC23-B0E8-ADE1-2F96D23F9FA1}.Debug|Any CPU.ActiveCfg = Debug|Any CPU
		{4F697817-BC23-B0E8-ADE1-2F96D23F9FA1}.Debug|Any CPU.Build.0 = Debug|Any CPU
		{4F697817-BC23-B0E8-ADE1-2F96D23F9FA1}.Release|Any CPU.ActiveCfg = Release|Any CPU
		{4F697817-BC23-B0E8-ADE1-2F96D23F9FA1}.Release|Any CPU.Build.0 = Release|Any CPU
	EndGlobalSection
	GlobalSection(SolutionProperties) = preSolution
		HideSolutionNode = FALSE
	EndGlobalSection
	GlobalSection(ExtensibilityGlobals) = postSolution
		SolutionGuid = {2B75724B-D7C1-45A4-8F56-314CEE7777AF}
	EndGlobalSection
EndGlobal
